{
    "_meta": {
        "hash": {
            "sha256": "dec8dcb81c467b6cba0ece98d35c661376e2d1d168cc346a1ecaf05eb1852472"
        },
        "pipfile-spec": 6,
        "requires": {
            "python_version": "3.9"
        },
        "sources": [
            {
                "name": "pypi",
                "url": "https://pypi.org/simple",
                "verify_ssl": true
            }
        ]
    },
    "default": {
        "b7287bc": {
            "editable": true,
            "path": "./src"
        },
        "code-challenges": {
            "editable": true,
            "path": "./src"
        },
        "hello-devops-ppod": {
            "editable": true,
            "path": "./src"
        },
        "hello-ppod-python": {
            "editable": true,
            "path": "./src"
        }
    },
    "develop": {}
}
